// !$*UTF8*$!
{
	archiveVersion = 1;
	classes = {
	};
	objectVersion = 48;
	objects = {

/* Begin PBXBuildFile section */
		1F59058E206FD89300084217 /* ThresholdHanlder.cpp in Sources */ = {isa = PBXBuildFile; fileRef = 1F59058C206FD89300084217 /* ThresholdHanlder.cpp */; };
		1F590591206FDE0A00084217 /* CannyHandler.cpp in Sources */ = {isa = PBXBuildFile; fileRef = 1F59058F206FDE0A00084217 /* CannyHandler.cpp */; };
		1FA23FFB2064073A004EA814 /* QuartzCore.framework in Frameworks */ = {isa = PBXBuildFile; fileRef = 1FA23FFA2064073A004EA814 /* QuartzCore.framework */; };
		1FA23FFE2064076E004EA814 /* CoreGraphics.framework in Frameworks */ = {isa = PBXBuildFile; fileRef = 1FA23FFC2064076E004EA814 /* CoreGraphics.framework */; };
		1FA23FFF2064076E004EA814 /* CoreImage.framework in Frameworks */ = {isa = PBXBuildFile; fileRef = 1FA23FFD2064076E004EA814 /* CoreImage.framework */; };
		1FA24001206548F3004EA814 /* CoreVideo.framework in Frameworks */ = {isa = PBXBuildFile; fileRef = 1FA24000206548F3004EA814 /* CoreVideo.framework */; };
		1FA24003206548FA004EA814 /* CoreMedia.framework in Frameworks */ = {isa = PBXBuildFile; fileRef = 1FA24002206548FA004EA814 /* CoreMedia.framework */; };
		1FA2400B20669900004EA814 /* CVHandler.cpp in Sources */ = {isa = PBXBuildFile; fileRef = 1FA2400920669900004EA814 /* CVHandler.cpp */; };
		1FA2400E2066A6D4004EA814 /* SobelHandler.cpp in Sources */ = {isa = PBXBuildFile; fileRef = 1FA2400C2066A6D4004EA814 /* SobelHandler.cpp */; };
		1FA240112066A895004EA814 /* CameraCalibrationHandler.cpp in Sources */ = {isa = PBXBuildFile; fileRef = 1FA2400F2066A895004EA814 /* CameraCalibrationHandler.cpp */; };
		1FA24017206797E0004EA814 /* SettingView.m in Sources */ = {isa = PBXBuildFile; fileRef = 1FA24016206797E0004EA814 /* SettingView.m */; };
		1FA24041206D2D77004EA814 /* AssetsLibrary.framework in Frameworks */ = {isa = PBXBuildFile; fileRef = 1FA24040206D2D77004EA814 /* AssetsLibrary.framework */; };
		1FA24043206D2D7E004EA814 /* ImageIO.framework in Frameworks */ = {isa = PBXBuildFile; fileRef = 1FA24042206D2D7E004EA814 /* ImageIO.framework */; };
		1FA24045206D2D8A004EA814 /* UIKit.framework in Frameworks */ = {isa = PBXBuildFile; fileRef = 1FA24044206D2D8A004EA814 /* UIKit.framework */; };
		1FA24047206D2D9F004EA814 /* OpenGLES.framework in Frameworks */ = {isa = PBXBuildFile; fileRef = 1FA24046206D2D9F004EA814 /* OpenGLES.framework */; };
		1FA24091206E774C004EA814 /* RosyWriterCapturePipeline.mm in Sources */ = {isa = PBXBuildFile; fileRef = 1FA2407D206E774C004EA814 /* RosyWriterCapturePipeline.mm */; };
		1FA24092206E774C004EA814 /* RosyWriterOpenCVRenderer.mm in Sources */ = {isa = PBXBuildFile; fileRef = 1FA2407F206E774C004EA814 /* RosyWriterOpenCVRenderer.mm */; };
		1FA24093206E774C004EA814 /* RosyWriterViewController.mm in Sources */ = {isa = PBXBuildFile; fileRef = 1FA24082206E774C004EA814 /* RosyWriterViewController.mm */; };
		1FA24094206E774C004EA814 /* RosyWriterViewController.xib in Resources */ = {isa = PBXBuildFile; fileRef = 1FA24083206E774C004EA814 /* RosyWriterViewController.xib */; };
		1FA24095206E774C004EA814 /* myFilter.fsh in Resources */ = {isa = PBXBuildFile; fileRef = 1FA24085206E774C004EA814 /* myFilter.fsh */; };
		1FA24096206E774C004EA814 /* myFilter.vsh in Resources */ = {isa = PBXBuildFile; fileRef = 1FA24086206E774C004EA814 /* myFilter.vsh */; };
		1FA24097206E774C004EA814 /* matrix.c in Sources */ = {isa = PBXBuildFile; fileRef = 1FA24089206E774C004EA814 /* matrix.c */; };
		1FA24098206E774C004EA814 /* ShaderUtilities.c in Sources */ = {isa = PBXBuildFile; fileRef = 1FA2408B206E774C004EA814 /* ShaderUtilities.c */; };
		1FA24099206E774C004EA814 /* MovieRecorder.m in Sources */ = {isa = PBXBuildFile; fileRef = 1FA2408E206E774C004EA814 /* MovieRecorder.m */; };
		1FA2409A206E774C004EA814 /* OpenGLPixelBufferView.m in Sources */ = {isa = PBXBuildFile; fileRef = 1FA24090206E774C004EA814 /* OpenGLPixelBufferView.m */; };
		1FA240A0206E81CA004EA814 /* CameraViewController.mm in Sources */ = {isa = PBXBuildFile; fileRef = 1FA2409E206E81CA004EA814 /* CameraViewController.mm */; };
		1FA240A1206E81CA004EA814 /* CameraViewController.xib in Resources */ = {isa = PBXBuildFile; fileRef = 1FA2409F206E81CA004EA814 /* CameraViewController.xib */; };
		1FA240A4206E862B004EA814 /* GaussianBlurHandler.cpp in Sources */ = {isa = PBXBuildFile; fileRef = 1FA240A2206E862B004EA814 /* GaussianBlurHandler.cpp */; };
		1FDC87B92063AC4300F8D5D9 /* AppDelegate.m in Sources */ = {isa = PBXBuildFile; fileRef = 1FDC87B82063AC4300F8D5D9 /* AppDelegate.m */; };
		1FDC87BC2063AC4300F8D5D9 /* ViewController.mm in Sources */ = {isa = PBXBuildFile; fileRef = 1FDC87BB2063AC4300F8D5D9 /* ViewController.mm */; };
		1FDC87BF2063AC4300F8D5D9 /* Main.storyboard in Resources */ = {isa = PBXBuildFile; fileRef = 1FDC87BD2063AC4300F8D5D9 /* Main.storyboard */; };
		1FDC87C12063AC4300F8D5D9 /* Assets.xcassets in Resources */ = {isa = PBXBuildFile; fileRef = 1FDC87C02063AC4300F8D5D9 /* Assets.xcassets */; };
		1FDC87C42063AC4300F8D5D9 /* LaunchScreen.storyboard in Resources */ = {isa = PBXBuildFile; fileRef = 1FDC87C22063AC4300F8D5D9 /* LaunchScreen.storyboard */; };
		1FDC87C72063AC4300F8D5D9 /* main.m in Sources */ = {isa = PBXBuildFile; fileRef = 1FDC87C62063AC4300F8D5D9 /* main.m */; };
		1FDC87D02063B6E300F8D5D9 /* VideoViewController.mm in Sources */ = {isa = PBXBuildFile; fileRef = 1FDC87CE2063B6E300F8D5D9 /* VideoViewController.mm */; };
		1FDC87D12063B6E300F8D5D9 /* VideoViewController.xib in Resources */ = {isa = PBXBuildFile; fileRef = 1FDC87CF2063B6E300F8D5D9 /* VideoViewController.xib */; };
		1FDC87D42063C3B800F8D5D9 /* AVFoundation.framework in Frameworks */ = {isa = PBXBuildFile; fileRef = 1FDC87D32063C3B800F8D5D9 /* AVFoundation.framework */; };
		1FDC87D72063C4C400F8D5D9 /* opencv2.framework in Frameworks */ = {isa = PBXBuildFile; fileRef = 1FDC87D62063C4C400F8D5D9 /* opencv2.framework */; };
/* End PBXBuildFile section */

/* Begin PBXFileReference section */
		1F59058C206FD89300084217 /* ThresholdHanlder.cpp */ = {isa = PBXFileReference; lastKnownFileType = sourcecode.cpp.cpp; path = ThresholdHanlder.cpp; sourceTree = "<group>"; };
		1F59058D206FD89300084217 /* ThresholdHanlder.hpp */ = {isa = PBXFileReference; lastKnownFileType = sourcecode.cpp.h; path = ThresholdHanlder.hpp; sourceTree = "<group>"; };
		1F59058F206FDE0A00084217 /* CannyHandler.cpp */ = {isa = PBXFileReference; lastKnownFileType = sourcecode.cpp.cpp; path = CannyHandler.cpp; sourceTree = "<group>"; };
		1F590590206FDE0A00084217 /* CannyHandler.hpp */ = {isa = PBXFileReference; lastKnownFileType = sourcecode.cpp.h; path = CannyHandler.hpp; sourceTree = "<group>"; };
		1FA23FFA2064073A004EA814 /* QuartzCore.framework */ = {isa = PBXFileReference; lastKnownFileType = wrapper.framework; name = QuartzCore.framework; path = System/Library/Frameworks/QuartzCore.framework; sourceTree = SDKROOT; };
		1FA23FFC2064076E004EA814 /* CoreGraphics.framework */ = {isa = PBXFileReference; lastKnownFileType = wrapper.framework; name = CoreGraphics.framework; path = System/Library/Frameworks/CoreGraphics.framework; sourceTree = SDKROOT; };
		1FA23FFD2064076E004EA814 /* CoreImage.framework */ = {isa = PBXFileReference; lastKnownFileType = wrapper.framework; name = CoreImage.framework; path = System/Library/Frameworks/CoreImage.framework; sourceTree = SDKROOT; };
		1FA24000206548F3004EA814 /* CoreVideo.framework */ = {isa = PBXFileReference; lastKnownFileType = wrapper.framework; name = CoreVideo.framework; path = System/Library/Frameworks/CoreVideo.framework; sourceTree = SDKROOT; };
		1FA24002206548FA004EA814 /* CoreMedia.framework */ = {isa = PBXFileReference; lastKnownFileType = wrapper.framework; name = CoreMedia.framework; path = System/Library/Frameworks/CoreMedia.framework; sourceTree = SDKROOT; };
		1FA2400920669900004EA814 /* CVHandler.cpp */ = {isa = PBXFileReference; fileEncoding = 4; lastKnownFileType = sourcecode.cpp.cpp; path = CVHandler.cpp; sourceTree = "<group>"; };
		1FA2400A20669900004EA814 /* CVHandler.hpp */ = {isa = PBXFileReference; fileEncoding = 4; lastKnownFileType = sourcecode.cpp.h; path = CVHandler.hpp; sourceTree = "<group>"; };
		1FA2400C2066A6D4004EA814 /* SobelHandler.cpp */ = {isa = PBXFileReference; lastKnownFileType = sourcecode.cpp.cpp; path = SobelHandler.cpp; sourceTree = "<group>"; };
		1FA2400D2066A6D4004EA814 /* SobelHandler.hpp */ = {isa = PBXFileReference; lastKnownFileType = sourcecode.cpp.h; path = SobelHandler.hpp; sourceTree = "<group>"; };
		1FA2400F2066A895004EA814 /* CameraCalibrationHandler.cpp */ = {isa = PBXFileReference; lastKnownFileType = sourcecode.cpp.cpp; path = CameraCalibrationHandler.cpp; sourceTree = "<group>"; };
		1FA240102066A895004EA814 /* CameraCalibrationHandler.hpp */ = {isa = PBXFileReference; lastKnownFileType = sourcecode.cpp.h; path = CameraCalibrationHandler.hpp; sourceTree = "<group>"; };
		1FA24015206797E0004EA814 /* SettingView.h */ = {isa = PBXFileReference; lastKnownFileType = sourcecode.c.h; path = SettingView.h; sourceTree = "<group>"; };
		1FA24016206797E0004EA814 /* SettingView.m */ = {isa = PBXFileReference; lastKnownFileType = sourcecode.c.objc; path = SettingView.m; sourceTree = "<group>"; };
		1FA24040206D2D77004EA814 /* AssetsLibrary.framework */ = {isa = PBXFileReference; lastKnownFileType = wrapper.framework; name = AssetsLibrary.framework; path = System/Library/Frameworks/AssetsLibrary.framework; sourceTree = SDKROOT; };
		1FA24042206D2D7E004EA814 /* ImageIO.framework */ = {isa = PBXFileReference; lastKnownFileType = wrapper.framework; name = ImageIO.framework; path = System/Library/Frameworks/ImageIO.framework; sourceTree = SDKROOT; };
		1FA24044206D2D8A004EA814 /* UIKit.framework */ = {isa = PBXFileReference; lastKnownFileType = wrapper.framework; name = UIKit.framework; path = System/Library/Frameworks/UIKit.framework; sourceTree = SDKROOT; };
		1FA24046206D2D9F004EA814 /* OpenGLES.framework */ = {isa = PBXFileReference; lastKnownFileType = wrapper.framework; name = OpenGLES.framework; path = System/Library/Frameworks/OpenGLES.framework; sourceTree = SDKROOT; };
		1FA2407C206E774C004EA814 /* RosyWriterCapturePipeline.h */ = {isa = PBXFileReference; fileEncoding = 4; lastKnownFileType = sourcecode.c.h; path = RosyWriterCapturePipeline.h; sourceTree = "<group>"; };
		1FA2407D206E774C004EA814 /* RosyWriterCapturePipeline.mm */ = {isa = PBXFileReference; fileEncoding = 4; lastKnownFileType = sourcecode.cpp.objcpp; path = RosyWriterCapturePipeline.mm; sourceTree = "<group>"; };
		1FA2407E206E774C004EA814 /* RosyWriterOpenCVRenderer.h */ = {isa = PBXFileReference; fileEncoding = 4; lastKnownFileType = sourcecode.c.h; path = RosyWriterOpenCVRenderer.h; sourceTree = "<group>"; };
		1FA2407F206E774C004EA814 /* RosyWriterOpenCVRenderer.mm */ = {isa = PBXFileReference; fileEncoding = 4; lastKnownFileType = sourcecode.cpp.objcpp; path = RosyWriterOpenCVRenderer.mm; sourceTree = "<group>"; };
		1FA24080206E774C004EA814 /* RosyWriterRenderer.h */ = {isa = PBXFileReference; fileEncoding = 4; lastKnownFileType = sourcecode.c.h; path = RosyWriterRenderer.h; sourceTree = "<group>"; };
		1FA24081206E774C004EA814 /* RosyWriterViewController.h */ = {isa = PBXFileReference; fileEncoding = 4; lastKnownFileType = sourcecode.c.h; path = RosyWriterViewController.h; sourceTree = "<group>"; };
		1FA24082206E774C004EA814 /* RosyWriterViewController.mm */ = {isa = PBXFileReference; fileEncoding = 4; lastKnownFileType = sourcecode.cpp.objcpp; path = RosyWriterViewController.mm; sourceTree = "<group>"; };
		1FA24083206E774C004EA814 /* RosyWriterViewController.xib */ = {isa = PBXFileReference; fileEncoding = 4; lastKnownFileType = file.xib; path = RosyWriterViewController.xib; sourceTree = "<group>"; };
		1FA24085206E774C004EA814 /* myFilter.fsh */ = {isa = PBXFileReference; fileEncoding = 4; lastKnownFileType = sourcecode.glsl; path = myFilter.fsh; sourceTree = "<group>"; };
		1FA24086206E774C004EA814 /* myFilter.vsh */ = {isa = PBXFileReference; fileEncoding = 4; lastKnownFileType = sourcecode.glsl; path = myFilter.vsh; sourceTree = "<group>"; };
		1FA24089206E774C004EA814 /* matrix.c */ = {isa = PBXFileReference; fileEncoding = 4; lastKnownFileType = sourcecode.c.c; path = matrix.c; sourceTree = "<group>"; };
		1FA2408A206E774C004EA814 /* matrix.h */ = {isa = PBXFileReference; fileEncoding = 4; lastKnownFileType = sourcecode.c.h; path = matrix.h; sourceTree = "<group>"; };
		1FA2408B206E774C004EA814 /* ShaderUtilities.c */ = {isa = PBXFileReference; fileEncoding = 4; lastKnownFileType = sourcecode.c.c; path = ShaderUtilities.c; sourceTree = "<group>"; };
		1FA2408C206E774C004EA814 /* ShaderUtilities.h */ = {isa = PBXFileReference; fileEncoding = 4; lastKnownFileType = sourcecode.c.h; path = ShaderUtilities.h; sourceTree = "<group>"; };
		1FA2408D206E774C004EA814 /* MovieRecorder.h */ = {isa = PBXFileReference; fileEncoding = 4; lastKnownFileType = sourcecode.c.h; path = MovieRecorder.h; sourceTree = "<group>"; };
		1FA2408E206E774C004EA814 /* MovieRecorder.m */ = {isa = PBXFileReference; fileEncoding = 4; lastKnownFileType = sourcecode.c.objc; path = MovieRecorder.m; sourceTree = "<group>"; };
		1FA2408F206E774C004EA814 /* OpenGLPixelBufferView.h */ = {isa = PBXFileReference; fileEncoding = 4; lastKnownFileType = sourcecode.c.h; path = OpenGLPixelBufferView.h; sourceTree = "<group>"; };
		1FA24090206E774C004EA814 /* OpenGLPixelBufferView.m */ = {isa = PBXFileReference; fileEncoding = 4; lastKnownFileType = sourcecode.c.objc; path = OpenGLPixelBufferView.m; sourceTree = "<group>"; };
		1FA2409D206E81CA004EA814 /* CameraViewController.h */ = {isa = PBXFileReference; lastKnownFileType = sourcecode.c.h; path = CameraViewController.h; sourceTree = "<group>"; };
		1FA2409E206E81CA004EA814 /* CameraViewController.mm */ = {isa = PBXFileReference; lastKnownFileType = sourcecode.cpp.objcpp; path = CameraViewController.mm; sourceTree = "<group>"; };
		1FA2409F206E81CA004EA814 /* CameraViewController.xib */ = {isa = PBXFileReference; lastKnownFileType = file.xib; path = CameraViewController.xib; sourceTree = "<group>"; };
		1FA240A2206E862B004EA814 /* GaussianBlurHandler.cpp */ = {isa = PBXFileReference; lastKnownFileType = sourcecode.cpp.cpp; path = GaussianBlurHandler.cpp; sourceTree = "<group>"; };
		1FA240A3206E862B004EA814 /* GaussianBlurHandler.hpp */ = {isa = PBXFileReference; lastKnownFileType = sourcecode.cpp.h; path = GaussianBlurHandler.hpp; sourceTree = "<group>"; };
		1FDC87B42063AC4300F8D5D9 /* CameraAnalysis.app */ = {isa = PBXFileReference; explicitFileType = wrapper.application; includeInIndex = 0; path = CameraAnalysis.app; sourceTree = BUILT_PRODUCTS_DIR; };
		1FDC87B72063AC4300F8D5D9 /* AppDelegate.h */ = {isa = PBXFileReference; lastKnownFileType = sourcecode.c.h; path = AppDelegate.h; sourceTree = "<group>"; };
		1FDC87B82063AC4300F8D5D9 /* AppDelegate.m */ = {isa = PBXFileReference; lastKnownFileType = sourcecode.c.objc; path = AppDelegate.m; sourceTree = "<group>"; };
		1FDC87BA2063AC4300F8D5D9 /* ViewController.h */ = {isa = PBXFileReference; lastKnownFileType = sourcecode.c.h; path = ViewController.h; sourceTree = "<group>"; };
		1FDC87BB2063AC4300F8D5D9 /* ViewController.mm */ = {isa = PBXFileReference; lastKnownFileType = sourcecode.cpp.objcpp; path = ViewController.mm; sourceTree = "<group>"; };
		1FDC87BE2063AC4300F8D5D9 /* Base */ = {isa = PBXFileReference; lastKnownFileType = file.storyboard; name = Base; path = Base.lproj/Main.storyboard; sourceTree = "<group>"; };
		1FDC87C02063AC4300F8D5D9 /* Assets.xcassets */ = {isa = PBXFileReference; lastKnownFileType = folder.assetcatalog; path = Assets.xcassets; sourceTree = "<group>"; };
		1FDC87C32063AC4300F8D5D9 /* Base */ = {isa = PBXFileReference; lastKnownFileType = file.storyboard; name = Base; path = Base.lproj/LaunchScreen.storyboard; sourceTree = "<group>"; };
		1FDC87C52063AC4300F8D5D9 /* Info.plist */ = {isa = PBXFileReference; lastKnownFileType = text.plist.xml; path = Info.plist; sourceTree = "<group>"; };
		1FDC87C62063AC4300F8D5D9 /* main.m */ = {isa = PBXFileReference; lastKnownFileType = sourcecode.c.objc; path = main.m; sourceTree = "<group>"; };
		1FDC87CD2063B6E300F8D5D9 /* VideoViewController.h */ = {isa = PBXFileReference; lastKnownFileType = sourcecode.c.h; path = VideoViewController.h; sourceTree = "<group>"; };
		1FDC87CE2063B6E300F8D5D9 /* VideoViewController.mm */ = {isa = PBXFileReference; lastKnownFileType = sourcecode.cpp.objcpp; path = VideoViewController.mm; sourceTree = "<group>"; };
		1FDC87CF2063B6E300F8D5D9 /* VideoViewController.xib */ = {isa = PBXFileReference; lastKnownFileType = file.xib; path = VideoViewController.xib; sourceTree = "<group>"; };
		1FDC87D32063C3B800F8D5D9 /* AVFoundation.framework */ = {isa = PBXFileReference; lastKnownFileType = wrapper.framework; name = AVFoundation.framework; path = System/Library/Frameworks/AVFoundation.framework; sourceTree = SDKROOT; };
		1FDC87D52063C46B00F8D5D9 /* CameraAnalysis-PrefixHeader.pch */ = {isa = PBXFileReference; lastKnownFileType = sourcecode.c.h; path = "CameraAnalysis-PrefixHeader.pch"; sourceTree = "<group>"; };
		1FDC87D62063C4C400F8D5D9 /* opencv2.framework */ = {isa = PBXFileReference; lastKnownFileType = wrapper.framework; path = opencv2.framework; sourceTree = "<group>"; };
/* End PBXFileReference section */

/* Begin PBXFrameworksBuildPhase section */
		1FDC87B12063AC4300F8D5D9 /* Frameworks */ = {
			isa = PBXFrameworksBuildPhase;
			buildActionMask = 2147483647;
			files = (
				1FA24047206D2D9F004EA814 /* OpenGLES.framework in Frameworks */,
				1FA24045206D2D8A004EA814 /* UIKit.framework in Frameworks */,
				1FA24043206D2D7E004EA814 /* ImageIO.framework in Frameworks */,
				1FA24041206D2D77004EA814 /* AssetsLibrary.framework in Frameworks */,
				1FA24003206548FA004EA814 /* CoreMedia.framework in Frameworks */,
				1FA24001206548F3004EA814 /* CoreVideo.framework in Frameworks */,
				1FA23FFE2064076E004EA814 /* CoreGraphics.framework in Frameworks */,
				1FA23FFF2064076E004EA814 /* CoreImage.framework in Frameworks */,
				1FA23FFB2064073A004EA814 /* QuartzCore.framework in Frameworks */,
				1FDC87D72063C4C400F8D5D9 /* opencv2.framework in Frameworks */,
				1FDC87D42063C3B800F8D5D9 /* AVFoundation.framework in Frameworks */,
			);
			runOnlyForDeploymentPostprocessing = 0;
		};
/* End PBXFrameworksBuildPhase section */

/* Begin PBXGroup section */
		1FA2400820669900004EA814 /* CVHandlers */ = {
			isa = PBXGroup;
			children = (
				1FA2400920669900004EA814 /* CVHandler.cpp */,
				1FA2400A20669900004EA814 /* CVHandler.hpp */,
				1F59058F206FDE0A00084217 /* CannyHandler.cpp */,
				1F590590206FDE0A00084217 /* CannyHandler.hpp */,
				1F59058C206FD89300084217 /* ThresholdHanlder.cpp */,
				1F59058D206FD89300084217 /* ThresholdHanlder.hpp */,
				1FA2400C2066A6D4004EA814 /* SobelHandler.cpp */,
				1FA2400D2066A6D4004EA814 /* SobelHandler.hpp */,
				1FA240A2206E862B004EA814 /* GaussianBlurHandler.cpp */,
				1FA240A3206E862B004EA814 /* GaussianBlurHandler.hpp */,
				1FA2400F2066A895004EA814 /* CameraCalibrationHandler.cpp */,
				1FA240102066A895004EA814 /* CameraCalibrationHandler.hpp */,
			);
			path = CVHandlers;
			sourceTree = "<group>";
		};
		1FA2407B206E774C004EA814 /* ProcessWrite */ = {
			isa = PBXGroup;
			children = (
				1FA2407C206E774C004EA814 /* RosyWriterCapturePipeline.h */,
				1FA2407D206E774C004EA814 /* RosyWriterCapturePipeline.mm */,
				1FA2407E206E774C004EA814 /* RosyWriterOpenCVRenderer.h */,
				1FA2407F206E774C004EA814 /* RosyWriterOpenCVRenderer.mm */,
				1FA24080206E774C004EA814 /* RosyWriterRenderer.h */,
				1FA24081206E774C004EA814 /* RosyWriterViewController.h */,
				1FA24082206E774C004EA814 /* RosyWriterViewController.mm */,
				1FA24083206E774C004EA814 /* RosyWriterViewController.xib */,
				1FA24084206E774C004EA814 /* Shaders */,
				1FA24087206E774C004EA814 /* Utilities */,
			);
			path = ProcessWrite;
			sourceTree = "<group>";
		};
		1FA24084206E774C004EA814 /* Shaders */ = {
			isa = PBXGroup;
			children = (
				1FA24085206E774C004EA814 /* myFilter.fsh */,
				1FA24086206E774C004EA814 /* myFilter.vsh */,
			);
			path = Shaders;
			sourceTree = "<group>";
		};
		1FA24087206E774C004EA814 /* Utilities */ = {
			isa = PBXGroup;
			children = (
				1FA24088206E774C004EA814 /* GL */,
				1FA2408D206E774C004EA814 /* MovieRecorder.h */,
				1FA2408E206E774C004EA814 /* MovieRecorder.m */,
				1FA2408F206E774C004EA814 /* OpenGLPixelBufferView.h */,
				1FA24090206E774C004EA814 /* OpenGLPixelBufferView.m */,
			);
			path = Utilities;
			sourceTree = "<group>";
		};
		1FA24088206E774C004EA814 /* GL */ = {
			isa = PBXGroup;
			children = (
				1FA24089206E774C004EA814 /* matrix.c */,
				1FA2408A206E774C004EA814 /* matrix.h */,
				1FA2408B206E774C004EA814 /* ShaderUtilities.c */,
				1FA2408C206E774C004EA814 /* ShaderUtilities.h */,
			);
			path = GL;
			sourceTree = "<group>";
		};
		1FA2409B206E8141004EA814 /* ViewControllers */ = {
			isa = PBXGroup;
			children = (
				1FDC87BA2063AC4300F8D5D9 /* ViewController.h */,
				1FDC87BB2063AC4300F8D5D9 /* ViewController.mm */,
				1FDC87BD2063AC4300F8D5D9 /* Main.storyboard */,
				1FDC87CD2063B6E300F8D5D9 /* VideoViewController.h */,
				1FDC87CE2063B6E300F8D5D9 /* VideoViewController.mm */,
				1FDC87CF2063B6E300F8D5D9 /* VideoViewController.xib */,
				1FA2409D206E81CA004EA814 /* CameraViewController.h */,
				1FA2409E206E81CA004EA814 /* CameraViewController.mm */,
				1FA2409F206E81CA004EA814 /* CameraViewController.xib */,
			);
			path = ViewControllers;
			sourceTree = "<group>";
		};
		1FA2409C206E815D004EA814 /* Views */ = {
			isa = PBXGroup;
			children = (
				1FA24015206797E0004EA814 /* SettingView.h */,
				1FA24016206797E0004EA814 /* SettingView.m */,
			);
			path = Views;
			sourceTree = "<group>";
		};
		1FDC87AB2063AC4300F8D5D9 = {
			isa = PBXGroup;
			children = (
				1FDC87B62063AC4300F8D5D9 /* CameraAnalysis */,
				1FDC87B52063AC4300F8D5D9 /* Products */,
				1FDC87D22063C3B700F8D5D9 /* Frameworks */,
			);
			sourceTree = "<group>";
		};
		1FDC87B52063AC4300F8D5D9 /* Products */ = {
			isa = PBXGroup;
			children = (
				1FDC87B42063AC4300F8D5D9 /* CameraAnalysis.app */,
			);
			name = Products;
			sourceTree = "<group>";
		};
		1FDC87B62063AC4300F8D5D9 /* CameraAnalysis */ = {
			isa = PBXGroup;
			children = (
				1FA2407B206E774C004EA814 /* ProcessWrite */,
				1FA2400820669900004EA814 /* CVHandlers */,
				1FDC87B72063AC4300F8D5D9 /* AppDelegate.h */,
				1FDC87B82063AC4300F8D5D9 /* AppDelegate.m */,
				1FA2409B206E8141004EA814 /* ViewControllers */,
				1FA2409C206E815D004EA814 /* Views */,
				1FDC87C02063AC4300F8D5D9 /* Assets.xcassets */,
				1FDC87C22063AC4300F8D5D9 /* LaunchScreen.storyboard */,
				1FDC87C52063AC4300F8D5D9 /* Info.plist */,
				1FDC87C62063AC4300F8D5D9 /* main.m */,
				1FDC87D52063C46B00F8D5D9 /* CameraAnalysis-PrefixHeader.pch */,
			);
			path = CameraAnalysis;
			sourceTree = "<group>";
		};
		1FDC87D22063C3B700F8D5D9 /* Frameworks */ = {
			isa = PBXGroup;
			children = (
				1FA24046206D2D9F004EA814 /* OpenGLES.framework */,
				1FA24044206D2D8A004EA814 /* UIKit.framework */,
				1FA24042206D2D7E004EA814 /* ImageIO.framework */,
				1FA24040206D2D77004EA814 /* AssetsLibrary.framework */,
				1FA24002206548FA004EA814 /* CoreMedia.framework */,
				1FA24000206548F3004EA814 /* CoreVideo.framework */,
				1FA23FFC2064076E004EA814 /* CoreGraphics.framework */,
				1FA23FFD2064076E004EA814 /* CoreImage.framework */,
				1FA23FFA2064073A004EA814 /* QuartzCore.framework */,
				1FDC87D62063C4C400F8D5D9 /* opencv2.framework */,
				1FDC87D32063C3B800F8D5D9 /* AVFoundation.framework */,
			);
			name = Frameworks;
			sourceTree = "<group>";
		};
/* End PBXGroup section */

/* Begin PBXNativeTarget section */
		1FDC87B32063AC4300F8D5D9 /* CameraAnalysis */ = {
			isa = PBXNativeTarget;
			buildConfigurationList = 1FDC87CA2063AC4300F8D5D9 /* Build configuration list for PBXNativeTarget "CameraAnalysis" */;
			buildPhases = (
				1FDC87B02063AC4300F8D5D9 /* Sources */,
				1FDC87B12063AC4300F8D5D9 /* Frameworks */,
				1FDC87B22063AC4300F8D5D9 /* Resources */,
			);
			buildRules = (
			);
			dependencies = (
			);
			name = CameraAnalysis;
			productName = CameraAnalysis;
			productReference = 1FDC87B42063AC4300F8D5D9 /* CameraAnalysis.app */;
			productType = "com.apple.product-type.application";
		};
/* End PBXNativeTarget section */

/* Begin PBXProject section */
		1FDC87AC2063AC4300F8D5D9 /* Project object */ = {
			isa = PBXProject;
			attributes = {
				LastUpgradeCheck = 0920;
				ORGANIZATIONNAME = ChenWei;
				TargetAttributes = {
					1FDC87B32063AC4300F8D5D9 = {
						CreatedOnToolsVersion = 9.2;
						ProvisioningStyle = Manual;
					};
				};
			};
			buildConfigurationList = 1FDC87AF2063AC4300F8D5D9 /* Build configuration list for PBXProject "CameraAnalysis" */;
			compatibilityVersion = "Xcode 8.0";
			developmentRegion = en;
			hasScannedForEncodings = 0;
			knownRegions = (
				en,
				Base,
			);
			mainGroup = 1FDC87AB2063AC4300F8D5D9;
			productRefGroup = 1FDC87B52063AC4300F8D5D9 /* Products */;
			projectDirPath = "";
			projectRoot = "";
			targets = (
				1FDC87B32063AC4300F8D5D9 /* CameraAnalysis */,
			);
		};
/* End PBXProject section */

/* Begin PBXResourcesBuildPhase section */
		1FDC87B22063AC4300F8D5D9 /* Resources */ = {
			isa = PBXResourcesBuildPhase;
			buildActionMask = 2147483647;
			files = (
				1FDC87C42063AC4300F8D5D9 /* LaunchScreen.storyboard in Resources */,
				1FA240A1206E81CA004EA814 /* CameraViewController.xib in Resources */,
				1FA24096206E774C004EA814 /* myFilter.vsh in Resources */,
				1FDC87C12063AC4300F8D5D9 /* Assets.xcassets in Resources */,
				1FDC87D12063B6E300F8D5D9 /* VideoViewController.xib in Resources */,
				1FA24094206E774C004EA814 /* RosyWriterViewController.xib in Resources */,
				1FDC87BF2063AC4300F8D5D9 /* Main.storyboard in Resources */,
				1FA24095206E774C004EA814 /* myFilter.fsh in Resources */,
			);
			runOnlyForDeploymentPostprocessing = 0;
		};
/* End PBXResourcesBuildPhase section */

/* Begin PBXSourcesBuildPhase section */
		1FDC87B02063AC4300F8D5D9 /* Sources */ = {
			isa = PBXSourcesBuildPhase;
			buildActionMask = 2147483647;
			files = (
				1F59058E206FD89300084217 /* ThresholdHanlder.cpp in Sources */,
				1FA240112066A895004EA814 /* CameraCalibrationHandler.cpp in Sources */,
				1FA24017206797E0004EA814 /* SettingView.m in Sources */,
				1FA24098206E774C004EA814 /* ShaderUtilities.c in Sources */,
				1FA24097206E774C004EA814 /* matrix.c in Sources */,
				1FA240A4206E862B004EA814 /* GaussianBlurHandler.cpp in Sources */,
				1FA24091206E774C004EA814 /* RosyWriterCapturePipeline.mm in Sources */,
				1FDC87BC2063AC4300F8D5D9 /* ViewController.mm in Sources */,
				1FA24099206E774C004EA814 /* MovieRecorder.m in Sources */,
				1FDC87C72063AC4300F8D5D9 /* main.m in Sources */,
				1FA24093206E774C004EA814 /* RosyWriterViewController.mm in Sources */,
				1FA240A0206E81CA004EA814 /* CameraViewController.mm in Sources */,
				1F590591206FDE0A00084217 /* CannyHandler.cpp in Sources */,
				1FA2409A206E774C004EA814 /* OpenGLPixelBufferView.m in Sources */,
				1FA24092206E774C004EA814 /* RosyWriterOpenCVRenderer.mm in Sources */,
				1FDC87D02063B6E300F8D5D9 /* VideoViewController.mm in Sources */,
				1FA2400B20669900004EA814 /* CVHandler.cpp in Sources */,
				1FA2400E2066A6D4004EA814 /* SobelHandler.cpp in Sources */,
				1FDC87B92063AC4300F8D5D9 /* AppDelegate.m in Sources */,
			);
			runOnlyForDeploymentPostprocessing = 0;
		};
/* End PBXSourcesBuildPhase section */

/* Begin PBXVariantGroup section */
		1FDC87BD2063AC4300F8D5D9 /* Main.storyboard */ = {
			isa = PBXVariantGroup;
			children = (
				1FDC87BE2063AC4300F8D5D9 /* Base */,
			);
			name = Main.storyboard;
			sourceTree = "<group>";
		};
		1FDC87C22063AC4300F8D5D9 /* LaunchScreen.storyboard */ = {
			isa = PBXVariantGroup;
			children = (
				1FDC87C32063AC4300F8D5D9 /* Base */,
			);
			name = LaunchScreen.storyboard;
			sourceTree = "<group>";
		};
/* End PBXVariantGroup section */

/* Begin XCBuildConfiguration section */
		1FDC87C82063AC4300F8D5D9 /* Debug */ = {
			isa = XCBuildConfiguration;
			buildSettings = {
				ALWAYS_SEARCH_USER_PATHS = NO;
				CLANG_ANALYZER_NONNULL = YES;
				CLANG_ANALYZER_NUMBER_OBJECT_CONVERSION = YES_AGGRESSIVE;
				CLANG_CXX_LANGUAGE_STANDARD = "gnu++14";
				CLANG_CXX_LIBRARY = "libc++";
				CLANG_ENABLE_MODULES = YES;
				CLANG_ENABLE_OBJC_ARC = YES;
				CLANG_WARN_BLOCK_CAPTURE_AUTORELEASING = YES;
				CLANG_WARN_BOOL_CONVERSION = YES;
				CLANG_WARN_COMMA = YES;
				CLANG_WARN_CONSTANT_CONVERSION = YES;
				CLANG_WARN_DIRECT_OBJC_ISA_USAGE = YES_ERROR;
				CLANG_WARN_DOCUMENTATION_COMMENTS = YES;
				CLANG_WARN_EMPTY_BODY = YES;
				CLANG_WARN_ENUM_CONVERSION = YES;
				CLANG_WARN_INFINITE_RECURSION = YES;
				CLANG_WARN_INT_CONVERSION = YES;
				CLANG_WARN_NON_LITERAL_NULL_CONVERSION = YES;
				CLANG_WARN_OBJC_LITERAL_CONVERSION = YES;
				CLANG_WARN_OBJC_ROOT_CLASS = YES_ERROR;
				CLANG_WARN_RANGE_LOOP_ANALYSIS = YES;
				CLANG_WARN_STRICT_PROTOTYPES = YES;
				CLANG_WARN_SUSPICIOUS_MOVE = YES;
				CLANG_WARN_UNGUARDED_AVAILABILITY = YES_AGGRESSIVE;
				CLANG_WARN_UNREACHABLE_CODE = YES;
				CLANG_WARN__DUPLICATE_METHOD_MATCH = YES;
				CODE_SIGN_IDENTITY = "iPhone Developer";
				COPY_PHASE_STRIP = NO;
				DEBUG_INFORMATION_FORMAT = dwarf;
				ENABLE_STRICT_OBJC_MSGSEND = YES;
				ENABLE_TESTABILITY = YES;
				GCC_C_LANGUAGE_STANDARD = gnu11;
				GCC_DYNAMIC_NO_PIC = NO;
				GCC_NO_COMMON_BLOCKS = YES;
				GCC_OPTIMIZATION_LEVEL = 0;
				GCC_PREPROCESSOR_DEFINITIONS = (
					"DEBUG=1",
					"$(inherited)",
				);
				GCC_WARN_64_TO_32_BIT_CONVERSION = YES;
				GCC_WARN_ABOUT_RETURN_TYPE = YES_ERROR;
				GCC_WARN_UNDECLARED_SELECTOR = YES;
				GCC_WARN_UNINITIALIZED_AUTOS = YES_AGGRESSIVE;
				GCC_WARN_UNUSED_FUNCTION = YES;
				GCC_WARN_UNUSED_VARIABLE = YES;
				IPHONEOS_DEPLOYMENT_TARGET = 11.2;
				MTL_ENABLE_DEBUG_INFO = YES;
				ONLY_ACTIVE_ARCH = YES;
				SDKROOT = iphoneos;
			};
			name = Debug;
		};
		1FDC87C92063AC4300F8D5D9 /* Release */ = {
			isa = XCBuildConfiguration;
			buildSettings = {
				ALWAYS_SEARCH_USER_PATHS = NO;
				CLANG_ANALYZER_NONNULL = YES;
				CLANG_ANALYZER_NUMBER_OBJECT_CONVERSION = YES_AGGRESSIVE;
				CLANG_CXX_LANGUAGE_STANDARD = "gnu++14";
				CLANG_CXX_LIBRARY = "libc++";
				CLANG_ENABLE_MODULES = YES;
				CLANG_ENABLE_OBJC_ARC = YES;
				CLANG_WARN_BLOCK_CAPTURE_AUTORELEASING = YES;
				CLANG_WARN_BOOL_CONVERSION = YES;
				CLANG_WARN_COMMA = YES;
				CLANG_WARN_CONSTANT_CONVERSION = YES;
				CLANG_WARN_DIRECT_OBJC_ISA_USAGE = YES_ERROR;
				CLANG_WARN_DOCUMENTATION_COMMENTS = YES;
				CLANG_WARN_EMPTY_BODY = YES;
				CLANG_WARN_ENUM_CONVERSION = YES;
				CLANG_WARN_INFINITE_RECURSION = YES;
				CLANG_WARN_INT_CONVERSION = YES;
				CLANG_WARN_NON_LITERAL_NULL_CONVERSION = YES;
				CLANG_WARN_OBJC_LITERAL_CONVERSION = YES;
				CLANG_WARN_OBJC_ROOT_CLASS = YES_ERROR;
				CLANG_WARN_RANGE_LOOP_ANALYSIS = YES;
				CLANG_WARN_STRICT_PROTOTYPES = YES;
				CLANG_WARN_SUSPICIOUS_MOVE = YES;
				CLANG_WARN_UNGUARDED_AVAILABILITY = YES_AGGRESSIVE;
				CLANG_WARN_UNREACHABLE_CODE = YES;
				CLANG_WARN__DUPLICATE_METHOD_MATCH = YES;
				CODE_SIGN_IDENTITY = "iPhone Developer";
				COPY_PHASE_STRIP = NO;
				DEBUG_INFORMATION_FORMAT = "dwarf-with-dsym";
				ENABLE_NS_ASSERTIONS = NO;
				ENABLE_STRICT_OBJC_MSGSEND = YES;
				GCC_C_LANGUAGE_STANDARD = gnu11;
				GCC_NO_COMMON_BLOCKS = YES;
				GCC_WARN_64_TO_32_BIT_CONVERSION = YES;
				GCC_WARN_ABOUT_RETURN_TYPE = YES_ERROR;
				GCC_WARN_UNDECLARED_SELECTOR = YES;
				GCC_WARN_UNINITIALIZED_AUTOS = YES_AGGRESSIVE;
				GCC_WARN_UNUSED_FUNCTION = YES;
				GCC_WARN_UNUSED_VARIABLE = YES;
				IPHONEOS_DEPLOYMENT_TARGET = 11.2;
				MTL_ENABLE_DEBUG_INFO = NO;
				SDKROOT = iphoneos;
				VALIDATE_PRODUCT = YES;
			};
			name = Release;
		};
		1FDC87CB2063AC4300F8D5D9 /* Debug */ = {
			isa = XCBuildConfiguration;
			buildSettings = {
				ASSETCATALOG_COMPILER_APPICON_NAME = AppIcon;
				CODE_SIGN_STYLE = Manual;
				DEVELOPMENT_TEAM = 5D7TV84WEN;
				FRAMEWORK_SEARCH_PATHS = (
					"$(inherited)",
					"$(PROJECT_DIR)",
				);
				INFOPLIST_FILE = CameraAnalysis/Info.plist;
				IPHONEOS_DEPLOYMENT_TARGET = 10.0;
				LD_RUNPATH_SEARCH_PATHS = "$(inherited) @executable_path/Frameworks";
				PRODUCT_BUNDLE_IDENTIFIER = com.wildcard.cameraanalysis;
				PRODUCT_NAME = "$(TARGET_NAME)";
				PROVISIONING_PROFILE = "e033ff45-5d59-4468-b1d0-701630b2c8c7";
				PROVISIONING_PROFILE_SPECIFIER = Wildcard;
				TARGETED_DEVICE_FAMILY = 1;
			};
			name = Debug;
		};
		1FDC87CC2063AC4300F8D5D9 /* Release */ = {
			isa = XCBuildConfiguration;
			buildSettings = {
				ASSETCATALOG_COMPILER_APPICON_NAME = AppIcon;
				CODE_SIGN_STYLE = Manual;
				DEVELOPMENT_TEAM = 5D7TV84WEN;
				FRAMEWORK_SEARCH_PATHS = (
					"$(inherited)",
					"$(PROJECT_DIR)",
				);
				INFOPLIST_FILE = CameraAnalysis/Info.plist;
				IPHONEOS_DEPLOYMENT_TARGET = 10.0;
				LD_RUNPATH_SEARCH_PATHS = "$(inherited) @executable_path/Frameworks";
				PRODUCT_BUNDLE_IDENTIFIER = com.wildcard.cameraanalysis;
				PRODUCT_NAME = "$(TARGET_NAME)";
				PROVISIONING_PROFILE = "e033ff45-5d59-4468-b1d0-701630b2c8c7";
				PROVISIONING_PROFILE_SPECIFIER = Wildcard;
				TARGETED_DEVICE_FAMILY = 1;
			};
			name = Release;
		};
/* End XCBuildConfiguration section */

/* Begin XCConfigurationList section */
		1FDC87AF2063AC4300F8D5D9 /* Build configuration list for PBXProject "CameraAnalysis" */ = {
			isa = XCConfigurationList;
			buildConfigurations = (
				1FDC87C82063AC4300F8D5D9 /* Debug */,
				1FDC87C92063AC4300F8D5D9 /* Release */,
			);
			defaultConfigurationIsVisible = 0;
			defaultConfigurationName = Release;
		};
		1FDC87CA2063AC4300F8D5D9 /* Build configuration list for PBXNativeTarget "CameraAnalysis" */ = {
			isa = XCConfigurationList;
			buildConfigurations = (
				1FDC87CB2063AC4300F8D5D9 /* Debug */,
				1FDC87CC2063AC4300F8D5D9 /* Release */,
			);
			defaultConfigurationIsVisible = 0;
			defaultConfigurationName = Release;
		};
/* End XCConfigurationList section */
	};
	rootObject = 1FDC87AC2063AC4300F8D5D9 /* Project object */;
}
